
Microsoft Visual Studio Solution File, Format Version 12.00
# Visual Studio 15
VisualStudioVersion = 15.0.26730.8
MinimumVisualStudioVersion = 10.0.40219.1
Project("{FAE04EC0-301F-11D3-BF4B-00C04F79EFBC}") = "ArcueidSystem", "ArcueidSystem\ArcueidSystem.csproj", "{CC482A04-E3C5-4E28-8909-58A17C51DE62}"
EndProject
Global
	GlobalSection(SolutionConfigurationPlatforms) = preSolution
		Debug|Any CPU = Debug|Any CPU
		Release|Any CPU = Release|Any CPU
	EndGlobalSection
	GlobalSection(ProjectConfigurationPlatforms) = postSolution
		{CC482A04-E3C5-4E28-8909-58A17C51DE62}.Debug|Any CPU.ActiveCfg = Debug|Any CPU
		{CC482A04-E3C5-4E28-8909-58A17C51DE62}.Debug|Any CPU.Build.0 = Debug|Any CPU
		{CC482A04-E3C5-4E28-8909-58A17C51DE62}.Release|Any CPU.ActiveCfg = Release|Any CPU
		{CC482A04-E3C5-4E28-8909-58A17C51DE62}.Release|Any CPU.Build.0 = Release|Any CPU
	EndGlobalSection
	GlobalSection(SolutionProperties) = preSolution
		HideSolutionNode = FALSE
	EndGlobalSection
	GlobalSection(ExtensibilityGlobals) = postSolution
		SolutionGuid = {373131BD-39DB-4F9F-BB90-3C6E65A86BF3}
	EndGlobalSection
EndGlobal
